
Microsoft Visual Studio Solution File, Format Version 12.00
# Visual Studio Version 16
VisualStudioVersion = 16.0.30114.105
MinimumVisualStudioVersion = 10.0.40219.1
Project("{2150E333-8FDC-42A3-9474-1A3956D46DE8}") = "src", "src", "{CC5DD946-9067-452E-9E8E-045A77407737}"
EndProject
Project("{FAE04EC0-301F-11D3-BF4B-00C04F79EFBC}") = "dependency-injection-demo.Api", "dependency-injection-demo.Api\dependency-injection-demo.Api.csproj", "{D21E4441-13CF-4820-B1F6-6D311D29DA54}"
EndProject
Global
	GlobalSection(SolutionConfigurationPlatforms) = preSolution
		Debug|Any CPU = Debug|Any CPU
		Release|Any CPU = Release|Any CPU
	EndGlobalSection
	GlobalSection(SolutionProperties) = preSolution
		HideSolutionNode = FALSE
	EndGlobalSection
	GlobalSection(ProjectConfigurationPlatforms) = postSolution
		{D21E4441-13CF-4820-B1F6-6D311D29DA54}.Debug|Any CPU.ActiveCfg = Debug|Any CPU
		{D21E4441-13CF-4820-B1F6-6D311D29DA54}.Debug|Any CPU.Build.0 = Debug|Any CPU
		{D21E4441-13CF-4820-B1F6-6D311D29DA54}.Release|Any CPU.ActiveCfg = Release|Any CPU
		{D21E4441-13CF-4820-B1F6-6D311D29DA54}.Release|Any CPU.Build.0 = Release|Any CPU
	EndGlobalSection
	GlobalSection(NestedProjects) = preSolution
		{D21E4441-13CF-4820-B1F6-6D311D29DA54} = {CC5DD946-9067-452E-9E8E-045A77407737}
	EndGlobalSection
EndGlobal
